
Microsoft Visual Studio Solution File, Format Version 12.00
# Visual Studio Version 17
VisualStudioVersion = 17.3.32901.215
MinimumVisualStudioVersion = 10.0.40219.1
Project("{9A19103F-16F7-4668-BE54-9A1E7A4F7556}") = "vms.repository", "vms.repository\vms.repository.csproj", "{A95CAAA4-15E4-4DCA-9D78-906B8BDFACDE}"
EndProject
Project("{9A19103F-16F7-4668-BE54-9A1E7A4F7556}") = "vms.entity", "vms.entity\vms.entity.csproj", "{A41F5C23-6D60-4643-A09B-858411B0EBE3}"
EndProject
Project("{9A19103F-16F7-4668-BE54-9A1E7A4F7556}") = "vms.service", "vms.service\vms.service.csproj", "{E1A91B88-4161-4294-A277-E12FFDD1B01D}"
EndProject
Project("{9A19103F-16F7-4668-BE54-9A1E7A4F7556}") = "vms.utility", "vms.utility\vms.utility.csproj", "{6D141423-22F1-4FAF-96D3-622E6717F3B2}"
EndProject
Project("{9A19103F-16F7-4668-BE54-9A1E7A4F7556}") = "vms.ioc", "vms.ioc\vms.ioc.csproj", "{128886EA-0EC4-43E3-9B44-13E29D9B6DD7}"
EndProject
Project("{9A19103F-16F7-4668-BE54-9A1E7A4F7556}") = "vms.data", "vms.data\vms.data.csproj", "{3787191B-AF92-42CC-9EE9-F4E1B2666FE4}"
EndProject
Project("{9A19103F-16F7-4668-BE54-9A1E7A4F7556}") = "vms", "vms\vms.csproj", "{BD7E44CD-B849-4397-953F-67B6ABFCF6CD}"
EndProject
Project("{2150E333-8FDC-42A3-9474-1A3956D46DE8}") = "Web", "Web", "{B2BB4DF6-2FBB-4C3D-B138-2ECB1AEE6D0C}"
EndProject
Project("{2150E333-8FDC-42A3-9474-1A3956D46DE8}") = "Api", "Api", "{2AA1C399-6453-408E-86F0-8BA4EB15BFA6}"
EndProject
Project("{9A19103F-16F7-4668-BE54-9A1E7A4F7556}") = "vms.mapping", "vms.mapping\vms.mapping.csproj", "{D9744B12-E9C5-42CC-8A2A-2E02B6CB8D93}"
EndProject
Project("{2150E333-8FDC-42A3-9474-1A3956D46DE8}") = "Lib", "Lib", "{C9CF5EF8-8DAA-491B-AB86-7F88E85B0052}"
EndProject
Project("{2150E333-8FDC-42A3-9474-1A3956D46DE8}") = "DataAccess", "DataAccess", "{06B255B0-A6FC-417B-83C2-EB9983844C3F}"
EndProject
Project("{2150E333-8FDC-42A3-9474-1A3956D46DE8}") = "App", "App", "{72B366B2-87D5-47F7-8592-3AF2D888D433}"
EndProject
Project("{9A19103F-16F7-4668-BE54-9A1E7A4F7556}") = "vms.api", "vms.api\vms.api.csproj", "{84C48459-D13F-4692-B738-D2E042D1DF0F}"
EndProject
Project("{9A19103F-16F7-4668-BE54-9A1E7A4F7556}") = "vms.scheduled.service", "vms.scheduled.service\vms.scheduled.service.csproj", "{441EB2AD-BC1E-48F8-B392-FE1D4A90F40D}"
EndProject
Global
	GlobalSection(SolutionConfigurationPlatforms) = preSolution
		Debug|Any CPU = Debug|Any CPU
		Release|Any CPU = Release|Any CPU
	EndGlobalSection
	GlobalSection(ProjectConfigurationPlatforms) = postSolution
		{A95CAAA4-15E4-4DCA-9D78-906B8BDFACDE}.Debug|Any CPU.ActiveCfg = Debug|Any CPU
		{A95CAAA4-15E4-4DCA-9D78-906B8BDFACDE}.Debug|Any CPU.Build.0 = Debug|Any CPU
		{A95CAAA4-15E4-4DCA-9D78-906B8BDFACDE}.Release|Any CPU.ActiveCfg = Release|Any CPU
		{A95CAAA4-15E4-4DCA-9D78-906B8BDFACDE}.Release|Any CPU.Build.0 = Release|Any CPU
		{A41F5C23-6D60-4643-A09B-858411B0EBE3}.Debug|Any CPU.ActiveCfg = Debug|Any CPU
		{A41F5C23-6D60-4643-A09B-858411B0EBE3}.Debug|Any CPU.Build.0 = Debug|Any CPU
		{A41F5C23-6D60-4643-A09B-858411B0EBE3}.Release|Any CPU.ActiveCfg = Release|Any CPU
		{A41F5C23-6D60-4643-A09B-858411B0EBE3}.Release|Any CPU.Build.0 = Release|Any CPU
		{E1A91B88-4161-4294-A277-E12FFDD1B01D}.Debug|Any CPU.ActiveCfg = Debug|Any CPU
		{E1A91B88-4161-4294-A277-E12FFDD1B01D}.Debug|Any CPU.Build.0 = Debug|Any CPU
		{E1A91B88-4161-4294-A277-E12FFDD1B01D}.Release|Any CPU.ActiveCfg = Release|Any CPU
		{E1A91B88-4161-4294-A277-E12FFDD1B01D}.Release|Any CPU.Build.0 = Release|Any CPU
		{6D141423-22F1-4FAF-96D3-622E6717F3B2}.Debug|Any CPU.ActiveCfg = Debug|Any CPU
		{6D141423-22F1-4FAF-96D3-622E6717F3B2}.Debug|Any CPU.Build.0 = Debug|Any CPU
		{6D141423-22F1-4FAF-96D3-622E6717F3B2}.Release|Any CPU.ActiveCfg = Release|Any CPU
		{6D141423-22F1-4FAF-96D3-622E6717F3B2}.Release|Any CPU.Build.0 = Release|Any CPU
		{128886EA-0EC4-43E3-9B44-13E29D9B6DD7}.Debug|Any CPU.ActiveCfg = Debug|Any CPU
		{128886EA-0EC4-43E3-9B44-13E29D9B6DD7}.Debug|Any CPU.Build.0 = Debug|Any CPU
		{128886EA-0EC4-43E3-9B44-13E29D9B6DD7}.Release|Any CPU.ActiveCfg = Release|Any CPU
		{128886EA-0EC4-43E3-9B44-13E29D9B6DD7}.Release|Any CPU.Build.0 = Release|Any CPU
		{3787191B-AF92-42CC-9EE9-F4E1B2666FE4}.Debug|Any CPU.ActiveCfg = Debug|Any CPU
		{3787191B-AF92-42CC-9EE9-F4E1B2666FE4}.Debug|Any CPU.Build.0 = Debug|Any CPU
		{3787191B-AF92-42CC-9EE9-F4E1B2666FE4}.Release|Any CPU.ActiveCfg = Release|Any CPU
		{3787191B-AF92-42CC-9EE9-F4E1B2666FE4}.Release|Any CPU.Build.0 = Release|Any CPU
		{BD7E44CD-B849-4397-953F-67B6ABFCF6CD}.Debug|Any CPU.ActiveCfg = Debug|Any CPU
		{BD7E44CD-B849-4397-953F-67B6ABFCF6CD}.Debug|Any CPU.Build.0 = Debug|Any CPU
		{BD7E44CD-B849-4397-953F-67B6ABFCF6CD}.Release|Any CPU.ActiveCfg = Release|Any CPU
		{BD7E44CD-B849-4397-953F-67B6ABFCF6CD}.Release|Any CPU.Build.0 = Release|Any CPU
		{D9744B12-E9C5-42CC-8A2A-2E02B6CB8D93}.Debug|Any CPU.ActiveCfg = Debug|Any CPU
		{D9744B12-E9C5-42CC-8A2A-2E02B6CB8D93}.Debug|Any CPU.Build.0 = Debug|Any CPU
		{D9744B12-E9C5-42CC-8A2A-2E02B6CB8D93}.Release|Any CPU.ActiveCfg = Release|Any CPU
		{D9744B12-E9C5-42CC-8A2A-2E02B6CB8D93}.Release|Any CPU.Build.0 = Release|Any CPU
		{84C48459-D13F-4692-B738-D2E042D1DF0F}.Debug|Any CPU.ActiveCfg = Debug|Any CPU
		{84C48459-D13F-4692-B738-D2E042D1DF0F}.Debug|Any CPU.Build.0 = Debug|Any CPU
		{84C48459-D13F-4692-B738-D2E042D1DF0F}.Release|Any CPU.ActiveCfg = Release|Any CPU
		{84C48459-D13F-4692-B738-D2E042D1DF0F}.Release|Any CPU.Build.0 = Release|Any CPU
		{441EB2AD-BC1E-48F8-B392-FE1D4A90F40D}.Debug|Any CPU.ActiveCfg = Debug|Any CPU
		{441EB2AD-BC1E-48F8-B392-FE1D4A90F40D}.Debug|Any CPU.Build.0 = Debug|Any CPU
		{441EB2AD-BC1E-48F8-B392-FE1D4A90F40D}.Release|Any CPU.ActiveCfg = Release|Any CPU
		{441EB2AD-BC1E-48F8-B392-FE1D4A90F40D}.Release|Any CPU.Build.0 = Release|Any CPU
	EndGlobalSection
	GlobalSection(SolutionProperties) = preSolution
		HideSolutionNode = FALSE
	EndGlobalSection
	GlobalSection(NestedProjects) = preSolution
		{A95CAAA4-15E4-4DCA-9D78-906B8BDFACDE} = {72B366B2-87D5-47F7-8592-3AF2D888D433}
		{A41F5C23-6D60-4643-A09B-858411B0EBE3} = {06B255B0-A6FC-417B-83C2-EB9983844C3F}
		{E1A91B88-4161-4294-A277-E12FFDD1B01D} = {72B366B2-87D5-47F7-8592-3AF2D888D433}
		{6D141423-22F1-4FAF-96D3-622E6717F3B2} = {C9CF5EF8-8DAA-491B-AB86-7F88E85B0052}
		{128886EA-0EC4-43E3-9B44-13E29D9B6DD7} = {C9CF5EF8-8DAA-491B-AB86-7F88E85B0052}
		{3787191B-AF92-42CC-9EE9-F4E1B2666FE4} = {06B255B0-A6FC-417B-83C2-EB9983844C3F}
		{BD7E44CD-B849-4397-953F-67B6ABFCF6CD} = {B2BB4DF6-2FBB-4C3D-B138-2ECB1AEE6D0C}
		{D9744B12-E9C5-42CC-8A2A-2E02B6CB8D93} = {C9CF5EF8-8DAA-491B-AB86-7F88E85B0052}
		{84C48459-D13F-4692-B738-D2E042D1DF0F} = {2AA1C399-6453-408E-86F0-8BA4EB15BFA6}
		{441EB2AD-BC1E-48F8-B392-FE1D4A90F40D} = {C9CF5EF8-8DAA-491B-AB86-7F88E85B0052}
	EndGlobalSection
	GlobalSection(ExtensibilityGlobals) = postSolution
		SolutionGuid = {CB3152AA-84CE-4873-9651-8472A9788223}
	EndGlobalSection
EndGlobal
